// !$*UTF8*$!
{
	archiveVersion = 1;
	classes = {
	};
	objectVersion = 55;
	objects = {

/* Begin PBXBuildFile section */
		1852258D27B0C1AB0073228A /* AppDelegate.swift in Sources */ = {isa = PBXBuildFile; fileRef = 1852258C27B0C1AB0073228A /* AppDelegate.swift */; };
		1852258F27B0C1AB0073228A /* SceneDelegate.swift in Sources */ = {isa = PBXBuildFile; fileRef = 1852258E27B0C1AB0073228A /* SceneDelegate.swift */; };
		1852259427B0C1AB0073228A /* Main.storyboard in Resources */ = {isa = PBXBuildFile; fileRef = 1852259227B0C1AB0073228A /* Main.storyboard */; };
		1852259627B0C1AC0073228A /* Assets.xcassets in Resources */ = {isa = PBXBuildFile; fileRef = 1852259527B0C1AC0073228A /* Assets.xcassets */; };
		1852259927B0C1AC0073228A /* LaunchScreen.storyboard in Resources */ = {isa = PBXBuildFile; fileRef = 1852259727B0C1AC0073228A /* LaunchScreen.storyboard */; };
		185225A127B0C1BA0073228A /* TableViewController.swift in Sources */ = {isa = PBXBuildFile; fileRef = 185225A027B0C1BA0073228A /* TableViewController.swift */; };
		185225A327B0CF230073228A /* DogAPIHelper.swift in Sources */ = {isa = PBXBuildFile; fileRef = 185225A227B0CF230073228A /* DogAPIHelper.swift */; };
		185225A727B0D5170073228A /* Dog.swift in Sources */ = {isa = PBXBuildFile; fileRef = 185225A627B0D5170073228A /* Dog.swift */; };
		1887B9E927D7F4C400619165 /* DogBreedViewController.swift in Sources */ = {isa = PBXBuildFile; fileRef = 1887B9E827D7F4C400619165 /* DogBreedViewController.swift */; };
		1887B9EB27D7F51900619165 /* DogTableViewCell.swift in Sources */ = {isa = PBXBuildFile; fileRef = 1887B9EA27D7F51900619165 /* DogTableViewCell.swift */; };
		1887B9ED27D9514300619165 /* DogImage.swift in Sources */ = {isa = PBXBuildFile; fileRef = 1887B9EC27D9514300619165 /* DogImage.swift */; };
/* End PBXBuildFile section */

/* Begin PBXFileReference section */
		1852258927B0C1AB0073228A /* DogAPITest3.app */ = {isa = PBXFileReference; explicitFileType = wrapper.application; includeInIndex = 0; path = DogAPITest3.app; sourceTree = BUILT_PRODUCTS_DIR; };
		1852258C27B0C1AB0073228A /* AppDelegate.swift */ = {isa = PBXFileReference; lastKnownFileType = sourcecode.swift; path = AppDelegate.swift; sourceTree = "<group>"; };
		1852258E27B0C1AB0073228A /* SceneDelegate.swift */ = {isa = PBXFileReference; lastKnownFileType = sourcecode.swift; path = SceneDelegate.swift; sourceTree = "<group>"; };
		1852259327B0C1AB0073228A /* Base */ = {isa = PBXFileReference; lastKnownFileType = file.storyboard; name = Base; path = Base.lproj/Main.storyboard; sourceTree = "<group>"; };
		1852259527B0C1AC0073228A /* Assets.xcassets */ = {isa = PBXFileReference; lastKnownFileType = folder.assetcatalog; path = Assets.xcassets; sourceTree = "<group>"; };
		1852259827B0C1AC0073228A /* Base */ = {isa = PBXFileReference; lastKnownFileType = file.storyboard; name = Base; path = Base.lproj/LaunchScreen.storyboard; sourceTree = "<group>"; };
		1852259A27B0C1AC0073228A /* Info.plist */ = {isa = PBXFileReference; lastKnownFileType = text.plist.xml; path = Info.plist; sourceTree = "<group>"; };
		185225A027B0C1BA0073228A /* TableViewController.swift */ = {isa = PBXFileReference; lastKnownFileType = sourcecode.swift; path = TableViewController.swift; sourceTree = "<group>"; };
		185225A227B0CF230073228A /* DogAPIHelper.swift */ = {isa = PBXFileReference; lastKnownFileType = sourcecode.swift; path = DogAPIHelper.swift; sourceTree = "<group>"; };
		185225A627B0D5170073228A /* Dog.swift */ = {isa = PBXFileReference; lastKnownFileType = sourcecode.swift; path = Dog.swift; sourceTree = "<group>"; };
		1887B9E827D7F4C400619165 /* DogBreedViewController.swift */ = {isa = PBXFileReference; lastKnownFileType = sourcecode.swift; path = DogBreedViewController.swift; sourceTree = "<group>"; };
		1887B9EA27D7F51900619165 /* DogTableViewCell.swift */ = {isa = PBXFileReference; lastKnownFileType = sourcecode.swift; path = DogTableViewCell.swift; sourceTree = "<group>"; };
		1887B9EC27D9514300619165 /* DogImage.swift */ = {isa = PBXFileReference; lastKnownFileType = sourcecode.swift; path = DogImage.swift; sourceTree = "<group>"; };
/* End PBXFileReference section */

/* Begin PBXFrameworksBuildPhase section */
		1852258627B0C1AB0073228A /* Frameworks */ = {
			isa = PBXFrameworksBuildPhase;
			buildActionMask = 2147483647;
			files = (
			);
			runOnlyForDeploymentPostprocessing = 0;
		};
/* End PBXFrameworksBuildPhase section */

/* Begin PBXGroup section */
		1852258027B0C1AB0073228A = {
			isa = PBXGroup;
			children = (
				1852258B27B0C1AB0073228A /* DogAPITest3 */,
				1852258A27B0C1AB0073228A /* Products */,
			);
			sourceTree = "<group>";
		};
		1852258A27B0C1AB0073228A /* Products */ = {
			isa = PBXGroup;
			children = (
				1852258927B0C1AB0073228A /* DogAPITest3.app */,
			);
			name = Products;
			sourceTree = "<group>";
		};
		1852258B27B0C1AB0073228A /* DogAPITest3 */ = {
			isa = PBXGroup;
			children = (
				1852258C27B0C1AB0073228A /* AppDelegate.swift */,
				1852258E27B0C1AB0073228A /* SceneDelegate.swift */,
				1887B9E827D7F4C400619165 /* DogBreedViewController.swift */,
				1887B9EA27D7F51900619165 /* DogTableViewCell.swift */,
				185225A027B0C1BA0073228A /* TableViewController.swift */,
				185225A227B0CF230073228A /* DogAPIHelper.swift */,
				185225A627B0D5170073228A /* Dog.swift */,
				1887B9EC27D9514300619165 /* DogImage.swift */,
				1852259227B0C1AB0073228A /* Main.storyboard */,
				1852259527B0C1AC0073228A /* Assets.xcassets */,
				1852259727B0C1AC0073228A /* LaunchScreen.storyboard */,
				1852259A27B0C1AC0073228A /* Info.plist */,
			);
			path = DogAPITest3;
			sourceTree = "<group>";
		};
/* End PBXGroup section */

/* Begin PBXNativeTarget section */
		1852258827B0C1AB0073228A /* DogAPITest3 */ = {
			isa = PBXNativeTarget;
			buildConfigurationList = 1852259D27B0C1AC0073228A /* Build configuration list for PBXNativeTarget "DogAPITest3" */;
			buildPhases = (
				1852258527B0C1AB0073228A /* Sources */,
				1852258627B0C1AB0073228A /* Frameworks */,
				1852258727B0C1AB0073228A /* Resources */,
			);
			buildRules = (
			);
			dependencies = (
			);
			name = DogAPITest3;
			productName = DogAPITest3;
			productReference = 1852258927B0C1AB0073228A /* DogAPITest3.app */;
			productType = "com.apple.product-type.application";
		};
/* End PBXNativeTarget section */

/* Begin PBXProject section */
		1852258127B0C1AB0073228A /* Project object */ = {
			isa = PBXProject;
			attributes = {
				BuildIndependentTargetsInParallel = 1;
				LastSwiftUpdateCheck = 1310;
				LastUpgradeCheck = 1310;
				TargetAttributes = {
					1852258827B0C1AB0073228A = {
						CreatedOnToolsVersion = 13.1;
					};
				};
			};
			buildConfigurationList = 1852258427B0C1AB0073228A /* Build configuration list for PBXProject "DogAPITest3" */;
			compatibilityVersion = "Xcode 13.0";
			developmentRegion = en;
			hasScannedForEncodings = 0;
			knownRegions = (
				en,
				Base,
			);
			mainGroup = 1852258027B0C1AB0073228A;
			productRefGroup = 1852258A27B0C1AB0073228A /* Products */;
			projectDirPath = "";
			projectRoot = "";
			targets = (
				1852258827B0C1AB0073228A /* DogAPITest3 */,
			);
		};
/* End PBXProject section */

/* Begin PBXResourcesBuildPhase section */
		1852258727B0C1AB0073228A /* Resources */ = {
			isa = PBXResourcesBuildPhase;
			buildActionMask = 2147483647;
			files = (
				1852259927B0C1AC0073228A /* LaunchScreen.storyboard in Resources */,
				1852259627B0C1AC0073228A /* Assets.xcassets in Resources */,
				1852259427B0C1AB0073228A /* Main.storyboard in Resources */,
			);
			runOnlyForDeploymentPostprocessing = 0;
		};
/* End PBXResourcesBuildPhase section */

/* Begin PBXSourcesBuildPhase section */
		1852258527B0C1AB0073228A /* Sources */ = {
			isa = PBXSourcesBuildPhase;
			buildActionMask = 2147483647;
			files = (
				1852258D27B0C1AB0073228A /* AppDelegate.swift in Sources */,
				185225A727B0D5170073228A /* Dog.swift in Sources */,
				1887B9EB27D7F51900619165 /* DogTableViewCell.swift in Sources */,
				1887B9E927D7F4C400619165 /* DogBreedViewController.swift in Sources */,
				185225A327B0CF230073228A /* DogAPIHelper.swift in Sources */,
				1852258F27B0C1AB0073228A /* SceneDelegate.swift in Sources */,
				1887B9ED27D9514300619165 /* DogImage.swift in Sources */,
				185225A127B0C1BA0073228A /* TableViewController.swift in Sources */,
			);
			runOnlyForDeploymentPostprocessing = 0;
		};
/* End PBXSourcesBuildPhase section */

/* Begin PBXVariantGroup section */
		1852259227B0C1AB0073228A /* Main.storyboard */ = {
			isa = PBXVariantGroup;
			children = (
				1852259327B0C1AB0073228A /* Base */,
			);
			name = Main.storyboard;
			sourceTree = "<group>";
		};
		1852259727B0C1AC0073228A /* LaunchScreen.storyboard */ = {
			isa = PBXVariantGroup;
			children = (
				1852259827B0C1AC0073228A /* Base */,
			);
			name = LaunchScreen.storyboard;
			sourceTree = "<group>";
		};
/* End PBXVariantGroup section */

/* Begin XCBuildConfiguration section */
		1852259B27B0C1AC0073228A /* Debug */ = {
			isa = XCBuildConfiguration;
			buildSettings = {
				ALWAYS_SEARCH_USER_PATHS = NO;
				CLANG_ANALYZER_NONNULL = YES;
				CLANG_ANALYZER_NUMBER_OBJECT_CONVERSION = YES_AGGRESSIVE;
				CLANG_CXX_LANGUAGE_STANDARD = "gnu++17";
				CLANG_CXX_LIBRARY = "libc++";
				CLANG_ENABLE_MODULES = YES;
				CLANG_ENABLE_OBJC_ARC = YES;
				CLANG_ENABLE_OBJC_WEAK = YES;
				CLANG_WARN_BLOCK_CAPTURE_AUTORELEASING = YES;
				CLANG_WARN_BOOL_CONVERSION = YES;
				CLANG_WARN_COMMA = YES;
				CLANG_WARN_CONSTANT_CONVERSION = YES;
				CLANG_WARN_DEPRECATED_OBJC_IMPLEMENTATIONS = YES;
				CLANG_WARN_DIRECT_OBJC_ISA_USAGE = YES_ERROR;
				CLANG_WARN_DOCUMENTATION_COMMENTS = YES;
				CLANG_WARN_EMPTY_BODY = YES;
				CLANG_WARN_ENUM_CONVERSION = YES;
				CLANG_WARN_INFINITE_RECURSION = YES;
				CLANG_WARN_INT_CONVERSION = YES;
				CLANG_WARN_NON_LITERAL_NULL_CONVERSION = YES;
				CLANG_WARN_OBJC_IMPLICIT_RETAIN_SELF = YES;
				CLANG_WARN_OBJC_LITERAL_CONVERSION = YES;
				CLANG_WARN_OBJC_ROOT_CLASS = YES_ERROR;
				CLANG_WARN_QUOTED_INCLUDE_IN_FRAMEWORK_HEADER = YES;
				CLANG_WARN_RANGE_LOOP_ANALYSIS = YES;
				CLANG_WARN_STRICT_PROTOTYPES = YES;
				CLANG_WARN_SUSPICIOUS_MOVE = YES;
				CLANG_WARN_UNGUARDED_AVAILABILITY = YES_AGGRESSIVE;
				CLANG_WARN_UNREACHABLE_CODE = YES;
				CLANG_WARN__DUPLICATE_METHOD_MATCH = YES;
				COPY_PHASE_STRIP = NO;
				DEBUG_INFORMATION_FORMAT = dwarf;
				ENABLE_STRICT_OBJC_MSGSEND = YES;
				ENABLE_TESTABILITY = YES;
				GCC_C_LANGUAGE_STANDARD = gnu11;
				GCC_DYNAMIC_NO_PIC = NO;
				GCC_NO_COMMON_BLOCKS = YES;
				GCC_OPTIMIZATION_LEVEL = 0;
				GCC_PREPROCESSOR_DEFINITIONS = (
					"DEBUG=1",
					"$(inherited)",
				);
				GCC_WARN_64_TO_32_BIT_CONVERSION = YES;
				GCC_WARN_ABOUT_RETURN_TYPE = YES_ERROR;
				GCC_WARN_UNDECLARED_SELECTOR = YES;
				GCC_WARN_UNINITIALIZED_AUTOS = YES_AGGRESSIVE;
				GCC_WARN_UNUSED_FUNCTION = YES;
				GCC_WARN_UNUSED_VARIABLE = YES;
				IPHONEOS_DEPLOYMENT_TARGET = 15.0;
				MTL_ENABLE_DEBUG_INFO = INCLUDE_SOURCE;
				MTL_FAST_MATH = YES;
				ONLY_ACTIVE_ARCH = YES;
				SDKROOT = iphoneos;
				SWIFT_ACTIVE_COMPILATION_CONDITIONS = DEBUG;
				SWIFT_OPTIMIZATION_LEVEL = "-Onone";
			};
			name = Debug;
		};
		1852259C27B0C1AC0073228A /* Release */ = {
			isa = XCBuildConfiguration;
			buildSettings = {
				ALWAYS_SEARCH_USER_PATHS = NO;
				CLANG_ANALYZER_NONNULL = YES;
				CLANG_ANALYZER_NUMBER_OBJECT_CONVERSION = YES_AGGRESSIVE;
				CLANG_CXX_LANGUAGE_STANDARD = "gnu++17";
				CLANG_CXX_LIBRARY = "libc++";
				CLANG_ENABLE_MODULES = YES;
				CLANG_ENABLE_OBJC_ARC = YES;
				CLANG_ENABLE_OBJC_WEAK = YES;
				CLANG_WARN_BLOCK_CAPTURE_AUTORELEASING = YES;
				CLANG_WARN_BOOL_CONVERSION = YES;
				CLANG_WARN_COMMA = YES;
				CLANG_WARN_CONSTANT_CONVERSION = YES;
				CLANG_WARN_DEPRECATED_OBJC_IMPLEMENTATIONS = YES;
				CLANG_WARN_DIRECT_OBJC_ISA_USAGE = YES_ERROR;
				CLANG_WARN_DOCUMENTATION_COMMENTS = YES;
				CLANG_WARN_EMPTY_BODY = YES;
				CLANG_WARN_ENUM_CONVERSION = YES;
				CLANG_WARN_INFINITE_RECURSION = YES;
				CLANG_WARN_INT_CONVERSION = YES;
				CLANG_WARN_NON_LITERAL_NULL_CONVERSION = YES;
				CLANG_WARN_OBJC_IMPLICIT_RETAIN_SELF = YES;
				CLANG_WARN_OBJC_LITERAL_CONVERSION = YES;
				CLANG_WARN_OBJC_ROOT_CLASS = YES_ERROR;
				CLANG_WARN_QUOTED_INCLUDE_IN_FRAMEWORK_HEADER = YES;
				CLANG_WARN_RANGE_LOOP_ANALYSIS = YES;
				CLANG_WARN_STRICT_PROTOTYPES = YES;
				CLANG_WARN_SUSPICIOUS_MOVE = YES;
				CLANG_WARN_UNGUARDED_AVAILABILITY = YES_AGGRESSIVE;
				CLANG_WARN_UNREACHABLE_CODE = YES;
				CLANG_WARN__DUPLICATE_METHOD_MATCH = YES;
				COPY_PHASE_STRIP = NO;
				DEBUG_INFORMATION_FORMAT = "dwarf-with-dsym";
				ENABLE_NS_ASSERTIONS = NO;
				ENABLE_STRICT_OBJC_MSGSEND = YES;
				GCC_C_LANGUAGE_STANDARD = gnu11;
				GCC_NO_COMMON_BLOCKS = YES;
				GCC_WARN_64_TO_32_BIT_CONVERSION = YES;
				GCC_WARN_ABOUT_RETURN_TYPE = YES_ERROR;
				GCC_WARN_UNDECLARED_SELECTOR = YES;
				GCC_WARN_UNINITIALIZED_AUTOS = YES_AGGRESSIVE;
				GCC_WARN_UNUSED_FUNCTION = YES;
				GCC_WARN_UNUSED_VARIABLE = YES;
				IPHONEOS_DEPLOYMENT_TARGET = 15.0;
				MTL_ENABLE_DEBUG_INFO = NO;
				MTL_FAST_MATH = YES;
				SDKROOT = iphoneos;
				SWIFT_COMPILATION_MODE = wholemodule;
				SWIFT_OPTIMIZATION_LEVEL = "-O";
				VALIDATE_PRODUCT = YES;
			};
			name = Release;
		};
		1852259E27B0C1AC0073228A /* Debug */ = {
			isa = XCBuildConfiguration;
			buildSettings = {
				ASSETCATALOG_COMPILER_APPICON_NAME = AppIcon;
				ASSETCATALOG_COMPILER_GLOBAL_ACCENT_COLOR_NAME = AccentColor;
				CODE_SIGN_STYLE = Automatic;
				CURRENT_PROJECT_VERSION = 1;
				DEVELOPMENT_TEAM = GVAZHU2KQN;
				GENERATE_INFOPLIST_FILE = YES;
				INFOPLIST_FILE = DogAPITest3/Info.plist;
				INFOPLIST_KEY_UIApplicationSupportsIndirectInputEvents = YES;
				INFOPLIST_KEY_UILaunchStoryboardName = LaunchScreen;
				INFOPLIST_KEY_UIMainStoryboardFile = Main;
				INFOPLIST_KEY_UISupportedInterfaceOrientations_iPad = "UIInterfaceOrientationPortrait UIInterfaceOrientationPortraitUpsideDown UIInterfaceOrientationLandscapeLeft UIInterfaceOrientationLandscapeRight";
				INFOPLIST_KEY_UISupportedInterfaceOrientations_iPhone = "UIInterfaceOrientationPortrait UIInterfaceOrientationLandscapeLeft UIInterfaceOrientationLandscapeRight";
				LD_RUNPATH_SEARCH_PATHS = (
					"$(inherited)",
					"@executable_path/Frameworks",
				);
				MARKETING_VERSION = 1.0;
				PRODUCT_BUNDLE_IDENTIFIER = yujia.DogAPITest3;
				PRODUCT_NAME = "$(TARGET_NAME)";
				SWIFT_EMIT_LOC_STRINGS = YES;
				SWIFT_VERSION = 5.0;
				TARGETED_DEVICE_FAMILY = "1,2";
			};
			name = Debug;
		};
		1852259F27B0C1AC0073228A /* Release */ = {
			isa = XCBuildConfiguration;
			buildSettings = {
				ASSETCATALOG_COMPILER_APPICON_NAME = AppIcon;
				ASSETCATALOG_COMPILER_GLOBAL_ACCENT_COLOR_NAME = AccentColor;
				CODE_SIGN_STYLE = Automatic;
				CURRENT_PROJECT_VERSION = 1;
				DEVELOPMENT_TEAM = GVAZHU2KQN;
				GENERATE_INFOPLIST_FILE = YES;
				INFOPLIST_FILE = DogAPITest3/Info.plist;
				INFOPLIST_KEY_UIApplicationSupportsIndirectInputEvents = YES;
				INFOPLIST_KEY_UILaunchStoryboardName = LaunchScreen;
				INFOPLIST_KEY_UIMainStoryboardFile = Main;
				INFOPLIST_KEY_UISupportedInterfaceOrientations_iPad = "UIInterfaceOrientationPortrait UIInterfaceOrientationPortraitUpsideDown UIInterfaceOrientationLandscapeLeft UIInterfaceOrientationLandscapeRight";
				INFOPLIST_KEY_UISupportedInterfaceOrientations_iPhone = "UIInterfaceOrientationPortrait UIInterfaceOrientationLandscapeLeft UIInterfaceOrientationLandscapeRight";
				LD_RUNPATH_SEARCH_PATHS = (
					"$(inherited)",
					"@executable_path/Frameworks",
				);
				MARKETING_VERSION = 1.0;
				PRODUCT_BUNDLE_IDENTIFIER = yujia.DogAPITest3;
				PRODUCT_NAME = "$(TARGET_NAME)";
				SWIFT_EMIT_LOC_STRINGS = YES;
				SWIFT_VERSION = 5.0;
				TARGETED_DEVICE_FAMILY = "1,2";
			};
			name = Release;
		};
/* End XCBuildConfiguration section */

/* Begin XCConfigurationList section */
		1852258427B0C1AB0073228A /* Build configuration list for PBXProject "DogAPITest3" */ = {
			isa = XCConfigurationList;
			buildConfigurations = (
				1852259B27B0C1AC0073228A /* Debug */,
				1852259C27B0C1AC0073228A /* Release */,
			);
			defaultConfigurationIsVisible = 0;
			defaultConfigurationName = Release;
		};
		1852259D27B0C1AC0073228A /* Build configuration list for PBXNativeTarget "DogAPITest3" */ = {
			isa = XCConfigurationList;
			buildConfigurations = (
				1852259E27B0C1AC0073228A /* Debug */,
				1852259F27B0C1AC0073228A /* Release */,
			);
			defaultConfigurationIsVisible = 0;
			defaultConfigurationName = Release;
		};
/* End XCConfigurationList section */
	};
	rootObject = 1852258127B0C1AB0073228A /* Project object */;
}
